// !$*UTF8*$!
{
	archiveVersion = 1;
	classes = {
	};
	objectVersion = 46;
	objects = {

/* Begin PBXBuildFile section */
		1662090A1E486C8E00FD56B6 /* main.m in Sources */ = {isa = PBXBuildFile; fileRef = 166209091E486C8E00FD56B6 /* main.m */; };
		1662090D1E486C8E00FD56B6 /* AppDelegate.m in Sources */ = {isa = PBXBuildFile; fileRef = 1662090C1E486C8E00FD56B6 /* AppDelegate.m */; };
		166209101E486C8E00FD56B6 /* ViewController.m in Sources */ = {isa = PBXBuildFile; fileRef = 1662090F1E486C8E00FD56B6 /* ViewController.m */; };
		166209131E486C8E00FD56B6 /* Main.storyboard in Resources */ = {isa = PBXBuildFile; fileRef = 166209111E486C8E00FD56B6 /* Main.storyboard */; };
		166209161E486C8E00FD56B6 /* LuLu.xcdatamodeld in Sources */ = {isa = PBXBuildFile; fileRef = 166209141E486C8E00FD56B6 /* LuLu.xcdatamodeld */; };
		166209181E486C8E00FD56B6 /* Assets.xcassets in Resources */ = {isa = PBXBuildFile; fileRef = 166209171E486C8E00FD56B6 /* Assets.xcassets */; };
		1662091B1E486C8E00FD56B6 /* LaunchScreen.storyboard in Resources */ = {isa = PBXBuildFile; fileRef = 166209191E486C8E00FD56B6 /* LaunchScreen.storyboard */; };
		166209391E4983B500FD56B6 /* NaverAuth.bundle in Resources */ = {isa = PBXBuildFile; fileRef = 166209321E4983B500FD56B6 /* NaverAuth.bundle */; };
		1662093A1E4983B500FD56B6 /* libNaverLogin.a in Frameworks */ = {isa = PBXBuildFile; fileRef = 166209341E4983B500FD56B6 /* libNaverLogin.a */; };
		1662093B1E4983B500FD56B6 /* NLoginThirdPartyOAuth20InAppBrowserViewController.m in Sources */ = {isa = PBXBuildFile; fileRef = 166209381E4983B500FD56B6 /* NLoginThirdPartyOAuth20InAppBrowserViewController.m */; };
		1662093F1E4983FA00FD56B6 /* NaverViewController.m in Sources */ = {isa = PBXBuildFile; fileRef = 1662093D1E4983FA00FD56B6 /* NaverViewController.m */; };
		1662096D1E4ADA9F00FD56B6 /* Logout_Green.PNG in Resources */ = {isa = PBXBuildFile; fileRef = 1662096B1E4ADA9F00FD56B6 /* Logout_Green.PNG */; };
		1662096E1E4ADA9F00FD56B6 /* Login_Green.PNG in Resources */ = {isa = PBXBuildFile; fileRef = 1662096C1E4ADA9F00FD56B6 /* Login_Green.PNG */; };
		166209731E4AE11100FD56B6 /* NaverLoginViewController.m in Sources */ = {isa = PBXBuildFile; fileRef = 166209711E4AE11100FD56B6 /* NaverLoginViewController.m */; };
		166209741E4AE11100FD56B6 /* NaverLoginViewController.xib in Resources */ = {isa = PBXBuildFile; fileRef = 166209721E4AE11100FD56B6 /* NaverLoginViewController.xib */; };
		166209791E4AEEDF00FD56B6 /* NMapViewerSDK.framework in Frameworks */ = {isa = PBXBuildFile; fileRef = 166209781E4AEEDF00FD56B6 /* NMapViewerSDK.framework */; };
		1662097D1E4AF00A00FD56B6 /* NaverMapViewController.m in Sources */ = {isa = PBXBuildFile; fileRef = 1662097B1E4AF00A00FD56B6 /* NaverMapViewController.m */; };
		1662097E1E4AF00A00FD56B6 /* NaverMapViewController.xib in Resources */ = {isa = PBXBuildFile; fileRef = 1662097C1E4AF00A00FD56B6 /* NaverMapViewController.xib */; };
		166209811E4AF34B00FD56B6 /* CoreGraphics.framework in Frameworks */ = {isa = PBXBuildFile; fileRef = 166209801E4AF34B00FD56B6 /* CoreGraphics.framework */; };
		166209831E4AF35600FD56B6 /* QuartzCore.framework in Frameworks */ = {isa = PBXBuildFile; fileRef = 166209821E4AF35600FD56B6 /* QuartzCore.framework */; };
		166209851E4AF35F00FD56B6 /* CoreLocation.framework in Frameworks */ = {isa = PBXBuildFile; fileRef = 166209841E4AF35F00FD56B6 /* CoreLocation.framework */; };
		166209871E4AF36D00FD56B6 /* libsqlite3.0.tbd in Frameworks */ = {isa = PBXBuildFile; fileRef = 166209861E4AF36D00FD56B6 /* libsqlite3.0.tbd */; };
		166209891E4AF37500FD56B6 /* SystemConfiguration.framework in Frameworks */ = {isa = PBXBuildFile; fileRef = 166209881E4AF37500FD56B6 /* SystemConfiguration.framework */; };
/* End PBXBuildFile section */

/* Begin PBXFileReference section */
		166209051E486C8E00FD56B6 /* LuLu.app */ = {isa = PBXFileReference; explicitFileType = wrapper.application; includeInIndex = 0; path = LuLu.app; sourceTree = BUILT_PRODUCTS_DIR; };
		166209091E486C8E00FD56B6 /* main.m */ = {isa = PBXFileReference; lastKnownFileType = sourcecode.c.objc; path = main.m; sourceTree = "<group>"; };
		1662090B1E486C8E00FD56B6 /* AppDelegate.h */ = {isa = PBXFileReference; lastKnownFileType = sourcecode.c.h; path = AppDelegate.h; sourceTree = "<group>"; };
		1662090C1E486C8E00FD56B6 /* AppDelegate.m */ = {isa = PBXFileReference; lastKnownFileType = sourcecode.c.objc; path = AppDelegate.m; sourceTree = "<group>"; };
		1662090E1E486C8E00FD56B6 /* ViewController.h */ = {isa = PBXFileReference; lastKnownFileType = sourcecode.c.h; path = ViewController.h; sourceTree = "<group>"; };
		1662090F1E486C8E00FD56B6 /* ViewController.m */ = {isa = PBXFileReference; lastKnownFileType = sourcecode.c.objc; path = ViewController.m; sourceTree = "<group>"; };
		166209121E486C8E00FD56B6 /* Base */ = {isa = PBXFileReference; lastKnownFileType = file.storyboard; name = Base; path = Base.lproj/Main.storyboard; sourceTree = "<group>"; };
		166209151E486C8E00FD56B6 /* LuLu.xcdatamodel */ = {isa = PBXFileReference; lastKnownFileType = wrapper.xcdatamodel; path = LuLu.xcdatamodel; sourceTree = "<group>"; };
		166209171E486C8E00FD56B6 /* Assets.xcassets */ = {isa = PBXFileReference; lastKnownFileType = folder.assetcatalog; path = Assets.xcassets; sourceTree = "<group>"; };
		1662091A1E486C8E00FD56B6 /* Base */ = {isa = PBXFileReference; lastKnownFileType = file.storyboard; name = Base; path = Base.lproj/LaunchScreen.storyboard; sourceTree = "<group>"; };
		1662091C1E486C8E00FD56B6 /* Info.plist */ = {isa = PBXFileReference; lastKnownFileType = text.plist.xml; path = Info.plist; sourceTree = "<group>"; };
		166209321E4983B500FD56B6 /* NaverAuth.bundle */ = {isa = PBXFileReference; lastKnownFileType = "wrapper.plug-in"; path = NaverAuth.bundle; sourceTree = "<group>"; };
		166209341E4983B500FD56B6 /* libNaverLogin.a */ = {isa = PBXFileReference; lastKnownFileType = archive.ar; path = libNaverLogin.a; sourceTree = "<group>"; };
		166209351E4983B500FD56B6 /* NaverThirdPartyConstantsForApp.h */ = {isa = PBXFileReference; fileEncoding = 4; lastKnownFileType = sourcecode.c.h; path = NaverThirdPartyConstantsForApp.h; sourceTree = "<group>"; };
		166209361E4983B500FD56B6 /* NaverThirdPartyLoginConnection.h */ = {isa = PBXFileReference; fileEncoding = 4; lastKnownFileType = sourcecode.c.h; path = NaverThirdPartyLoginConnection.h; sourceTree = "<group>"; };
		166209371E4983B500FD56B6 /* NLoginThirdPartyOAuth20InAppBrowserViewController.h */ = {isa = PBXFileReference; fileEncoding = 4; lastKnownFileType = sourcecode.c.h; path = NLoginThirdPartyOAuth20InAppBrowserViewController.h; sourceTree = "<group>"; };
		166209381E4983B500FD56B6 /* NLoginThirdPartyOAuth20InAppBrowserViewController.m */ = {isa = PBXFileReference; fileEncoding = 4; lastKnownFileType = sourcecode.c.objc; path = NLoginThirdPartyOAuth20InAppBrowserViewController.m; sourceTree = "<group>"; };
		1662093C1E4983FA00FD56B6 /* NaverViewController.h */ = {isa = PBXFileReference; fileEncoding = 4; lastKnownFileType = sourcecode.c.h; name = NaverViewController.h; path = Naver/NaverViewController.h; sourceTree = "<group>"; };
		1662093D1E4983FA00FD56B6 /* NaverViewController.m */ = {isa = PBXFileReference; fileEncoding = 4; lastKnownFileType = sourcecode.c.objc; name = NaverViewController.m; path = Naver/NaverViewController.m; sourceTree = "<group>"; };
		1662096B1E4ADA9F00FD56B6 /* Logout_Green.PNG */ = {isa = PBXFileReference; lastKnownFileType = image.png; name = Logout_Green.PNG; path = Naver/Logout_Green.PNG; sourceTree = "<group>"; };
		1662096C1E4ADA9F00FD56B6 /* Login_Green.PNG */ = {isa = PBXFileReference; lastKnownFileType = image.png; name = Login_Green.PNG; path = Naver/Login_Green.PNG; sourceTree = "<group>"; };
		166209701E4AE11100FD56B6 /* NaverLoginViewController.h */ = {isa = PBXFileReference; fileEncoding = 4; lastKnownFileType = sourcecode.c.h; name = NaverLoginViewController.h; path = Naver/NaverLoginViewController.h; sourceTree = "<group>"; };
		166209711E4AE11100FD56B6 /* NaverLoginViewController.m */ = {isa = PBXFileReference; fileEncoding = 4; lastKnownFileType = sourcecode.c.objc; name = NaverLoginViewController.m; path = Naver/NaverLoginViewController.m; sourceTree = "<group>"; };
		166209721E4AE11100FD56B6 /* NaverLoginViewController.xib */ = {isa = PBXFileReference; fileEncoding = 4; lastKnownFileType = file.xib; name = NaverLoginViewController.xib; path = Naver/NaverLoginViewController.xib; sourceTree = "<group>"; };
		166209781E4AEEDF00FD56B6 /* NMapViewerSDK.framework */ = {isa = PBXFileReference; lastKnownFileType = wrapper.framework; path = NMapViewerSDK.framework; sourceTree = "<group>"; };
		1662097A1E4AF00A00FD56B6 /* NaverMapViewController.h */ = {isa = PBXFileReference; fileEncoding = 4; lastKnownFileType = sourcecode.c.h; name = NaverMapViewController.h; path = Naver/NaverMapViewController.h; sourceTree = "<group>"; };
		1662097B1E4AF00A00FD56B6 /* NaverMapViewController.m */ = {isa = PBXFileReference; fileEncoding = 4; lastKnownFileType = sourcecode.c.objc; name = NaverMapViewController.m; path = Naver/NaverMapViewController.m; sourceTree = "<group>"; };
		1662097C1E4AF00A00FD56B6 /* NaverMapViewController.xib */ = {isa = PBXFileReference; fileEncoding = 4; lastKnownFileType = file.xib; name = NaverMapViewController.xib; path = Naver/NaverMapViewController.xib; sourceTree = "<group>"; };
		166209801E4AF34B00FD56B6 /* CoreGraphics.framework */ = {isa = PBXFileReference; lastKnownFileType = wrapper.framework; name = CoreGraphics.framework; path = System/Library/Frameworks/CoreGraphics.framework; sourceTree = SDKROOT; };
		166209821E4AF35600FD56B6 /* QuartzCore.framework */ = {isa = PBXFileReference; lastKnownFileType = wrapper.framework; name = QuartzCore.framework; path = System/Library/Frameworks/QuartzCore.framework; sourceTree = SDKROOT; };
		166209841E4AF35F00FD56B6 /* CoreLocation.framework */ = {isa = PBXFileReference; lastKnownFileType = wrapper.framework; name = CoreLocation.framework; path = System/Library/Frameworks/CoreLocation.framework; sourceTree = SDKROOT; };
		166209861E4AF36D00FD56B6 /* libsqlite3.0.tbd */ = {isa = PBXFileReference; lastKnownFileType = "sourcecode.text-based-dylib-definition"; name = libsqlite3.0.tbd; path = usr/lib/libsqlite3.0.tbd; sourceTree = SDKROOT; };
		166209881E4AF37500FD56B6 /* SystemConfiguration.framework */ = {isa = PBXFileReference; lastKnownFileType = wrapper.framework; name = SystemConfiguration.framework; path = System/Library/Frameworks/SystemConfiguration.framework; sourceTree = SDKROOT; };
/* End PBXFileReference section */

/* Begin PBXFrameworksBuildPhase section */
		166209021E486C8E00FD56B6 /* Frameworks */ = {
			isa = PBXFrameworksBuildPhase;
			buildActionMask = 2147483647;
			files = (
				166209891E4AF37500FD56B6 /* SystemConfiguration.framework in Frameworks */,
				166209871E4AF36D00FD56B6 /* libsqlite3.0.tbd in Frameworks */,
				166209851E4AF35F00FD56B6 /* CoreLocation.framework in Frameworks */,
				166209831E4AF35600FD56B6 /* QuartzCore.framework in Frameworks */,
				166209811E4AF34B00FD56B6 /* CoreGraphics.framework in Frameworks */,
				1662093A1E4983B500FD56B6 /* libNaverLogin.a in Frameworks */,
				166209791E4AEEDF00FD56B6 /* NMapViewerSDK.framework in Frameworks */,
			);
			runOnlyForDeploymentPostprocessing = 0;
		};
/* End PBXFrameworksBuildPhase section */

/* Begin PBXGroup section */
		166208FC1E486C8E00FD56B6 = {
			isa = PBXGroup;
			children = (
				1662092F1E4983B500FD56B6 /* ThirdParty */,
				166209071E486C8E00FD56B6 /* LuLu */,
				166209061E486C8E00FD56B6 /* Products */,
				1662097F1E4AF34B00FD56B6 /* Frameworks */,
			);
			sourceTree = "<group>";
		};
		166209061E486C8E00FD56B6 /* Products */ = {
			isa = PBXGroup;
			children = (
				166209051E486C8E00FD56B6 /* LuLu.app */,
			);
			name = Products;
			sourceTree = "<group>";
		};
		166209071E486C8E00FD56B6 /* LuLu */ = {
			isa = PBXGroup;
			children = (
				166209471E49B4CA00FD56B6 /* Custom */,
				1662092E1E49835D00FD56B6 /* Naver */,
				1662090B1E486C8E00FD56B6 /* AppDelegate.h */,
				1662090C1E486C8E00FD56B6 /* AppDelegate.m */,
				1662090E1E486C8E00FD56B6 /* ViewController.h */,
				1662090F1E486C8E00FD56B6 /* ViewController.m */,
				166209111E486C8E00FD56B6 /* Main.storyboard */,
				166209171E486C8E00FD56B6 /* Assets.xcassets */,
				166209191E486C8E00FD56B6 /* LaunchScreen.storyboard */,
				1662091C1E486C8E00FD56B6 /* Info.plist */,
				166209141E486C8E00FD56B6 /* LuLu.xcdatamodeld */,
				166209081E486C8E00FD56B6 /* Supporting Files */,
			);
			path = LuLu;
			sourceTree = "<group>";
		};
		166209081E486C8E00FD56B6 /* Supporting Files */ = {
			isa = PBXGroup;
			children = (
				166209091E486C8E00FD56B6 /* main.m */,
			);
			name = "Supporting Files";
			sourceTree = "<group>";
		};
		1662092E1E49835D00FD56B6 /* Naver */ = {
			isa = PBXGroup;
			children = (
				1662096F1E4ADAC700FD56B6 /* Resource */,
				1662093C1E4983FA00FD56B6 /* NaverViewController.h */,
				1662093D1E4983FA00FD56B6 /* NaverViewController.m */,
				166209701E4AE11100FD56B6 /* NaverLoginViewController.h */,
				166209711E4AE11100FD56B6 /* NaverLoginViewController.m */,
				166209721E4AE11100FD56B6 /* NaverLoginViewController.xib */,
				1662097A1E4AF00A00FD56B6 /* NaverMapViewController.h */,
				1662097B1E4AF00A00FD56B6 /* NaverMapViewController.m */,
				1662097C1E4AF00A00FD56B6 /* NaverMapViewController.xib */,
			);
			name = Naver;
			sourceTree = "<group>";
		};
		1662092F1E4983B500FD56B6 /* ThirdParty */ = {
			isa = PBXGroup;
			children = (
				166209301E4983B500FD56B6 /* Naver */,
			);
			name = ThirdParty;
			path = LuLu/ThirdParty;
			sourceTree = "<group>";
		};
		166209301E4983B500FD56B6 /* Naver */ = {
			isa = PBXGroup;
			children = (
				166209751E4AE3B200FD56B6 /* Frameworks */,
				166209311E4983B500FD56B6 /* Resources */,
				166209331E4983B500FD56B6 /* thirdPartyModule */,
			);
			path = Naver;
			sourceTree = "<group>";
		};
		166209311E4983B500FD56B6 /* Resources */ = {
			isa = PBXGroup;
			children = (
				166209321E4983B500FD56B6 /* NaverAuth.bundle */,
			);
			path = Resources;
			sourceTree = "<group>";
		};
		166209331E4983B500FD56B6 /* thirdPartyModule */ = {
			isa = PBXGroup;
			children = (
				166209341E4983B500FD56B6 /* libNaverLogin.a */,
				166209351E4983B500FD56B6 /* NaverThirdPartyConstantsForApp.h */,
				166209361E4983B500FD56B6 /* NaverThirdPartyLoginConnection.h */,
				166209371E4983B500FD56B6 /* NLoginThirdPartyOAuth20InAppBrowserViewController.h */,
				166209381E4983B500FD56B6 /* NLoginThirdPartyOAuth20InAppBrowserViewController.m */,
			);
			path = thirdPartyModule;
			sourceTree = "<group>";
		};
		166209471E49B4CA00FD56B6 /* Custom */ = {
			isa = PBXGroup;
			children = (
			);
			name = Custom;
			sourceTree = "<group>";
		};
		1662096F1E4ADAC700FD56B6 /* Resource */ = {
			isa = PBXGroup;
			children = (
				1662096B1E4ADA9F00FD56B6 /* Logout_Green.PNG */,
				1662096C1E4ADA9F00FD56B6 /* Login_Green.PNG */,
			);
			name = Resource;
			sourceTree = "<group>";
		};
		166209751E4AE3B200FD56B6 /* Frameworks */ = {
			isa = PBXGroup;
			children = (
				166209781E4AEEDF00FD56B6 /* NMapViewerSDK.framework */,
			);
			path = Frameworks;
			sourceTree = "<group>";
		};
		1662097F1E4AF34B00FD56B6 /* Frameworks */ = {
			isa = PBXGroup;
			children = (
				166209881E4AF37500FD56B6 /* SystemConfiguration.framework */,
				166209861E4AF36D00FD56B6 /* libsqlite3.0.tbd */,
				166209841E4AF35F00FD56B6 /* CoreLocation.framework */,
				166209821E4AF35600FD56B6 /* QuartzCore.framework */,
				166209801E4AF34B00FD56B6 /* CoreGraphics.framework */,
			);
			name = Frameworks;
			sourceTree = "<group>";
		};
/* End PBXGroup section */

/* Begin PBXNativeTarget section */
		166209041E486C8E00FD56B6 /* LuLu */ = {
			isa = PBXNativeTarget;
			buildConfigurationList = 1662091F1E486C8E00FD56B6 /* Build configuration list for PBXNativeTarget "LuLu" */;
			buildPhases = (
				166209011E486C8E00FD56B6 /* Sources */,
				166209021E486C8E00FD56B6 /* Frameworks */,
				166209031E486C8E00FD56B6 /* Resources */,
			);
			buildRules = (
			);
			dependencies = (
			);
			name = LuLu;
			productName = LuLu;
			productReference = 166209051E486C8E00FD56B6 /* LuLu.app */;
			productType = "com.apple.product-type.application";
		};
/* End PBXNativeTarget section */

/* Begin PBXProject section */
		166208FD1E486C8E00FD56B6 /* Project object */ = {
			isa = PBXProject;
			attributes = {
				LastUpgradeCheck = 0820;
				ORGANIZATIONNAME = Sokm83;
				TargetAttributes = {
					166209041E486C8E00FD56B6 = {
						CreatedOnToolsVersion = 8.2.1;
						ProvisioningStyle = Automatic;
					};
				};
			};
			buildConfigurationList = 166209001E486C8E00FD56B6 /* Build configuration list for PBXProject "LuLu" */;
			compatibilityVersion = "Xcode 3.2";
			developmentRegion = English;
			hasScannedForEncodings = 0;
			knownRegions = (
				en,
				Base,
			);
			mainGroup = 166208FC1E486C8E00FD56B6;
			productRefGroup = 166209061E486C8E00FD56B6 /* Products */;
			projectDirPath = "";
			projectRoot = "";
			targets = (
				166209041E486C8E00FD56B6 /* LuLu */,
			);
		};
/* End PBXProject section */

/* Begin PBXResourcesBuildPhase section */
		166209031E486C8E00FD56B6 /* Resources */ = {
			isa = PBXResourcesBuildPhase;
			buildActionMask = 2147483647;
			files = (
				1662096E1E4ADA9F00FD56B6 /* Login_Green.PNG in Resources */,
				1662091B1E486C8E00FD56B6 /* LaunchScreen.storyboard in Resources */,
				166209181E486C8E00FD56B6 /* Assets.xcassets in Resources */,
				1662096D1E4ADA9F00FD56B6 /* Logout_Green.PNG in Resources */,
				1662097E1E4AF00A00FD56B6 /* NaverMapViewController.xib in Resources */,
				166209741E4AE11100FD56B6 /* NaverLoginViewController.xib in Resources */,
				166209391E4983B500FD56B6 /* NaverAuth.bundle in Resources */,
				166209131E486C8E00FD56B6 /* Main.storyboard in Resources */,
			);
			runOnlyForDeploymentPostprocessing = 0;
		};
/* End PBXResourcesBuildPhase section */

/* Begin PBXSourcesBuildPhase section */
		166209011E486C8E00FD56B6 /* Sources */ = {
			isa = PBXSourcesBuildPhase;
			buildActionMask = 2147483647;
			files = (
				166209101E486C8E00FD56B6 /* ViewController.m in Sources */,
				166209731E4AE11100FD56B6 /* NaverLoginViewController.m in Sources */,
				1662093F1E4983FA00FD56B6 /* NaverViewController.m in Sources */,
				1662090D1E486C8E00FD56B6 /* AppDelegate.m in Sources */,
				1662097D1E4AF00A00FD56B6 /* NaverMapViewController.m in Sources */,
				1662090A1E486C8E00FD56B6 /* main.m in Sources */,
				1662093B1E4983B500FD56B6 /* NLoginThirdPartyOAuth20InAppBrowserViewController.m in Sources */,
				166209161E486C8E00FD56B6 /* LuLu.xcdatamodeld in Sources */,
			);
			runOnlyForDeploymentPostprocessing = 0;
		};
/* End PBXSourcesBuildPhase section */

/* Begin PBXVariantGroup section */
		166209111E486C8E00FD56B6 /* Main.storyboard */ = {
			isa = PBXVariantGroup;
			children = (
				166209121E486C8E00FD56B6 /* Base */,
			);
			name = Main.storyboard;
			sourceTree = "<group>";
		};
		166209191E486C8E00FD56B6 /* LaunchScreen.storyboard */ = {
			isa = PBXVariantGroup;
			children = (
				1662091A1E486C8E00FD56B6 /* Base */,
			);
			name = LaunchScreen.storyboard;
			sourceTree = "<group>";
		};
/* End PBXVariantGroup section */

/* Begin XCBuildConfiguration section */
		1662091D1E486C8E00FD56B6 /* Debug */ = {
			isa = XCBuildConfiguration;
			buildSettings = {
				ALWAYS_SEARCH_USER_PATHS = NO;
				CLANG_ANALYZER_NONNULL = YES;
				CLANG_CXX_LANGUAGE_STANDARD = "gnu++0x";
				CLANG_CXX_LIBRARY = "libc++";
				CLANG_ENABLE_MODULES = YES;
				CLANG_ENABLE_OBJC_ARC = YES;
				CLANG_WARN_BOOL_CONVERSION = YES;
				CLANG_WARN_CONSTANT_CONVERSION = YES;
				CLANG_WARN_DIRECT_OBJC_ISA_USAGE = YES_ERROR;
				CLANG_WARN_DOCUMENTATION_COMMENTS = YES;
				CLANG_WARN_EMPTY_BODY = YES;
				CLANG_WARN_ENUM_CONVERSION = YES;
				CLANG_WARN_INFINITE_RECURSION = YES;
				CLANG_WARN_INT_CONVERSION = YES;
				CLANG_WARN_OBJC_ROOT_CLASS = YES_ERROR;
				CLANG_WARN_SUSPICIOUS_MOVE = YES;
				CLANG_WARN_UNREACHABLE_CODE = YES;
				CLANG_WARN__DUPLICATE_METHOD_MATCH = YES;
				"CODE_SIGN_IDENTITY[sdk=iphoneos*]" = "iPhone Developer";
				COPY_PHASE_STRIP = NO;
				DEBUG_INFORMATION_FORMAT = dwarf;
				ENABLE_STRICT_OBJC_MSGSEND = YES;
				ENABLE_TESTABILITY = YES;
				GCC_C_LANGUAGE_STANDARD = gnu99;
				GCC_DYNAMIC_NO_PIC = NO;
				GCC_NO_COMMON_BLOCKS = YES;
				GCC_OPTIMIZATION_LEVEL = 0;
				GCC_PREPROCESSOR_DEFINITIONS = (
					"DEBUG=1",
					"$(inherited)",
				);
				GCC_WARN_64_TO_32_BIT_CONVERSION = YES;
				GCC_WARN_ABOUT_RETURN_TYPE = YES_ERROR;
				GCC_WARN_UNDECLARED_SELECTOR = YES;
				GCC_WARN_UNINITIALIZED_AUTOS = YES_AGGRESSIVE;
				GCC_WARN_UNUSED_FUNCTION = YES;
				GCC_WARN_UNUSED_VARIABLE = YES;
				IPHONEOS_DEPLOYMENT_TARGET = 10.2;
				MTL_ENABLE_DEBUG_INFO = YES;
				ONLY_ACTIVE_ARCH = YES;
				SDKROOT = iphoneos;
				TARGETED_DEVICE_FAMILY = "1,2";
			};
			name = Debug;
		};
		1662091E1E486C8E00FD56B6 /* Release */ = {
			isa = XCBuildConfiguration;
			buildSettings = {
				ALWAYS_SEARCH_USER_PATHS = NO;
				CLANG_ANALYZER_NONNULL = YES;
				CLANG_CXX_LANGUAGE_STANDARD = "gnu++0x";
				CLANG_CXX_LIBRARY = "libc++";
				CLANG_ENABLE_MODULES = YES;
				CLANG_ENABLE_OBJC_ARC = YES;
				CLANG_WARN_BOOL_CONVERSION = YES;
				CLANG_WARN_CONSTANT_CONVERSION = YES;
				CLANG_WARN_DIRECT_OBJC_ISA_USAGE = YES_ERROR;
				CLANG_WARN_DOCUMENTATION_COMMENTS = YES;
				CLANG_WARN_EMPTY_BODY = YES;
				CLANG_WARN_ENUM_CONVERSION = YES;
				CLANG_WARN_INFINITE_RECURSION = YES;
				CLANG_WARN_INT_CONVERSION = YES;
				CLANG_WARN_OBJC_ROOT_CLASS = YES_ERROR;
				CLANG_WARN_SUSPICIOUS_MOVE = YES;
				CLANG_WARN_UNREACHABLE_CODE = YES;
				CLANG_WARN__DUPLICATE_METHOD_MATCH = YES;
				"CODE_SIGN_IDENTITY[sdk=iphoneos*]" = "iPhone Developer";
				COPY_PHASE_STRIP = NO;
				DEBUG_INFORMATION_FORMAT = "dwarf-with-dsym";
				ENABLE_NS_ASSERTIONS = NO;
				ENABLE_STRICT_OBJC_MSGSEND = YES;
				GCC_C_LANGUAGE_STANDARD = gnu99;
				GCC_NO_COMMON_BLOCKS = YES;
				GCC_WARN_64_TO_32_BIT_CONVERSION = YES;
				GCC_WARN_ABOUT_RETURN_TYPE = YES_ERROR;
				GCC_WARN_UNDECLARED_SELECTOR = YES;
				GCC_WARN_UNINITIALIZED_AUTOS = YES_AGGRESSIVE;
				GCC_WARN_UNUSED_FUNCTION = YES;
				GCC_WARN_UNUSED_VARIABLE = YES;
				IPHONEOS_DEPLOYMENT_TARGET = 10.2;
				MTL_ENABLE_DEBUG_INFO = NO;
				SDKROOT = iphoneos;
				TARGETED_DEVICE_FAMILY = "1,2";
				VALIDATE_PRODUCT = YES;
			};
			name = Release;
		};
		166209201E486C8E00FD56B6 /* Debug */ = {
			isa = XCBuildConfiguration;
			buildSettings = {
				ASSETCATALOG_COMPILER_APPICON_NAME = AppIcon;
				FRAMEWORK_SEARCH_PATHS = (
					"$(inherited)",
					"$(PROJECT_DIR)/LuLu/ThirdParty/Naver/Frameworks",
				);
				INFOPLIST_FILE = LuLu/Info.plist;
				LD_RUNPATH_SEARCH_PATHS = "$(inherited) @executable_path/Frameworks";
				LIBRARY_SEARCH_PATHS = (
					"$(inherited)",
					"$(PROJECT_DIR)/LuLu/Naver/thirdPartyModule",
					"$(PROJECT_DIR)/LuLu/ThirdParty/Naver/thirdPartyModule",
					"\"$(SRCROOT)/LuLu/ThirdParty/Naver/Frameworks/NMapViewerSDK.framework/Headers\"",
					/usr/include/libxml2,
				);
				OTHER_LDFLAGS = (
					"-ObjC",
					"-lxml2",
					"-all_load",
				);
				PRODUCT_BUNDLE_IDENTIFIER = SugilLee.LuLu;
				PRODUCT_NAME = "$(TARGET_NAME)";
			};
			name = Debug;
		};
		166209211E486C8E00FD56B6 /* Release */ = {
			isa = XCBuildConfiguration;
			buildSettings = {
				ASSETCATALOG_COMPILER_APPICON_NAME = AppIcon;
				FRAMEWORK_SEARCH_PATHS = (
					"$(inherited)",
					"$(PROJECT_DIR)/LuLu/ThirdParty/Naver/Frameworks",
				);
				INFOPLIST_FILE = LuLu/Info.plist;
				LD_RUNPATH_SEARCH_PATHS = "$(inherited) @executable_path/Frameworks";
				LIBRARY_SEARCH_PATHS = (
					"$(inherited)",
					"$(PROJECT_DIR)/LuLu/Naver/thirdPartyModule",
					"$(PROJECT_DIR)/LuLu/ThirdParty/Naver/thirdPartyModule",
					"\"$(SRCROOT)/LuLu/ThirdParty/Naver/Frameworks/NMapViewerSDK.framework/Headers\"",
					/usr/include/libxml2,
				);
				OTHER_LDFLAGS = (
					"-ObjC",
					"-lxml2",
					"-all_load",
				);
				PRODUCT_BUNDLE_IDENTIFIER = SugilLee.LuLu;
				PRODUCT_NAME = "$(TARGET_NAME)";
			};
			name = Release;
		};
/* End XCBuildConfiguration section */

/* Begin XCConfigurationList section */
		166209001E486C8E00FD56B6 /* Build configuration list for PBXProject "LuLu" */ = {
			isa = XCConfigurationList;
			buildConfigurations = (
				1662091D1E486C8E00FD56B6 /* Debug */,
				1662091E1E486C8E00FD56B6 /* Release */,
			);
			defaultConfigurationIsVisible = 0;
			defaultConfigurationName = Release;
		};
		1662091F1E486C8E00FD56B6 /* Build configuration list for PBXNativeTarget "LuLu" */ = {
			isa = XCConfigurationList;
			buildConfigurations = (
				166209201E486C8E00FD56B6 /* Debug */,
				166209211E486C8E00FD56B6 /* Release */,
			);
			defaultConfigurationIsVisible = 0;
			defaultConfigurationName = Release;
		};
/* End XCConfigurationList section */

/* Begin XCVersionGroup section */
		166209141E486C8E00FD56B6 /* LuLu.xcdatamodeld */ = {
			isa = XCVersionGroup;
			children = (
				166209151E486C8E00FD56B6 /* LuLu.xcdatamodel */,
			);
			currentVersion = 166209151E486C8E00FD56B6 /* LuLu.xcdatamodel */;
			path = LuLu.xcdatamodeld;
			sourceTree = "<group>";
			versionGroupType = wrapper.xcdatamodel;
		};
/* End XCVersionGroup section */
	};
	rootObject = 166208FD1E486C8E00FD56B6 /* Project object */;
}
